
Microsoft Visual Studio Solution File, Format Version 12.00
# Visual Studio 15
VisualStudioVersion = 15.0.27004.2006
MinimumVisualStudioVersion = 10.0.40219.1
Project("{FAE04EC0-301F-11D3-BF4B-00C04F79EFBC}") = "Saacp", "Saacp\Saacp\Saacp.csproj", "{61A63C70-B875-4025-8F9F-9658329335C1}"
EndProject
Project("{FAE04EC0-301F-11D3-BF4B-00C04F79EFBC}") = "Saacp.Droid", "Saacp\Saacp.Droid\Saacp.Droid.csproj", "{B4761D3D-AA22-4805-B69E-8BAC41246F5E}"
EndProject
Project("{FAE04EC0-301F-11D3-BF4B-00C04F79EFBC}") = "Saacp.iOS", "Saacp\Saacp.iOS\Saacp.iOS.csproj", "{6DC8722C-DF77-445F-9778-D71A4D8EF9FA}"
EndProject
Project("{FAE04EC0-301F-11D3-BF4B-00C04F79EFBC}") = "Saacp.UWP", "Saacp\Saacp.UWP\Saacp.UWP.csproj", "{F8C71B94-34C6-4F1F-95B8-6E79A5D7351E}"
EndProject
Global
	GlobalSection(SolutionConfigurationPlatforms) = preSolution
		Ad-Hoc|Any CPU = Ad-Hoc|Any CPU
		Ad-Hoc|ARM = Ad-Hoc|ARM
		Ad-Hoc|iPhone = Ad-Hoc|iPhone
		Ad-Hoc|iPhoneSimulator = Ad-Hoc|iPhoneSimulator
		Ad-Hoc|x64 = Ad-Hoc|x64
		Ad-Hoc|x86 = Ad-Hoc|x86
		AppStore|Any CPU = AppStore|Any CPU
		AppStore|ARM = AppStore|ARM
		AppStore|iPhone = AppStore|iPhone
		AppStore|iPhoneSimulator = AppStore|iPhoneSimulator
		AppStore|x64 = AppStore|x64
		AppStore|x86 = AppStore|x86
		Debug|Any CPU = Debug|Any CPU
		Debug|ARM = Debug|ARM
		Debug|iPhone = Debug|iPhone
		Debug|iPhoneSimulator = Debug|iPhoneSimulator
		Debug|x64 = Debug|x64
		Debug|x86 = Debug|x86
		Release|Any CPU = Release|Any CPU
		Release|ARM = Release|ARM
		Release|iPhone = Release|iPhone
		Release|iPhoneSimulator = Release|iPhoneSimulator
		Release|x64 = Release|x64
		Release|x86 = Release|x86
	EndGlobalSection
	GlobalSection(ProjectConfigurationPlatforms) = postSolution
		{61A63C70-B875-4025-8F9F-9658329335C1}.Ad-Hoc|Any CPU.ActiveCfg = Release|Any CPU
		{61A63C70-B875-4025-8F9F-9658329335C1}.Ad-Hoc|Any CPU.Build.0 = Release|Any CPU
		{61A63C70-B875-4025-8F9F-9658329335C1}.Ad-Hoc|ARM.ActiveCfg = Release|Any CPU
		{61A63C70-B875-4025-8F9F-9658329335C1}.Ad-Hoc|ARM.Build.0 = Release|Any CPU
		{61A63C70-B875-4025-8F9F-9658329335C1}.Ad-Hoc|iPhone.ActiveCfg = Release|Any CPU
		{61A63C70-B875-4025-8F9F-9658329335C1}.Ad-Hoc|iPhone.Build.0 = Release|Any CPU
		{61A63C70-B875-4025-8F9F-9658329335C1}.Ad-Hoc|iPhoneSimulator.ActiveCfg = Release|Any CPU
		{61A63C70-B875-4025-8F9F-9658329335C1}.Ad-Hoc|iPhoneSimulator.Build.0 = Release|Any CPU
		{61A63C70-B875-4025-8F9F-9658329335C1}.Ad-Hoc|x64.ActiveCfg = Release|Any CPU
		{61A63C70-B875-4025-8F9F-9658329335C1}.Ad-Hoc|x64.Build.0 = Release|Any CPU
		{61A63C70-B875-4025-8F9F-9658329335C1}.Ad-Hoc|x86.ActiveCfg = Release|Any CPU
		{61A63C70-B875-4025-8F9F-9658329335C1}.Ad-Hoc|x86.Build.0 = Release|Any CPU
		{61A63C70-B875-4025-8F9F-9658329335C1}.AppStore|Any CPU.ActiveCfg = Release|Any CPU
		{61A63C70-B875-4025-8F9F-9658329335C1}.AppStore|Any CPU.Build.0 = Release|Any CPU
		{61A63C70-B875-4025-8F9F-9658329335C1}.AppStore|ARM.ActiveCfg = Release|Any CPU
		{61A63C70-B875-4025-8F9F-9658329335C1}.AppStore|ARM.Build.0 = Release|Any CPU
		{61A63C70-B875-4025-8F9F-9658329335C1}.AppStore|iPhone.ActiveCfg = Release|Any CPU
		{61A63C70-B875-4025-8F9F-9658329335C1}.AppStore|iPhone.Build.0 = Release|Any CPU
		{61A63C70-B875-4025-8F9F-9658329335C1}.AppStore|iPhoneSimulator.ActiveCfg = Release|Any CPU
		{61A63C70-B875-4025-8F9F-9658329335C1}.AppStore|iPhoneSimulator.Build.0 = Release|Any CPU
		{61A63C70-B875-4025-8F9F-9658329335C1}.AppStore|x64.ActiveCfg = Release|Any CPU
		{61A63C70-B875-4025-8F9F-9658329335C1}.AppStore|x64.Build.0 = Release|Any CPU
		{61A63C70-B875-4025-8F9F-9658329335C1}.AppStore|x86.ActiveCfg = Release|Any CPU
		{61A63C70-B875-4025-8F9F-9658329335C1}.AppStore|x86.Build.0 = Release|Any CPU
		{61A63C70-B875-4025-8F9F-9658329335C1}.Debug|Any CPU.ActiveCfg = Debug|Any CPU
		{61A63C70-B875-4025-8F9F-9658329335C1}.Debug|Any CPU.Build.0 = Debug|Any CPU
		{61A63C70-B875-4025-8F9F-9658329335C1}.Debug|ARM.ActiveCfg = Debug|Any CPU
		{61A63C70-B875-4025-8F9F-9658329335C1}.Debug|ARM.Build.0 = Debug|Any CPU
		{61A63C70-B875-4025-8F9F-9658329335C1}.Debug|iPhone.ActiveCfg = Debug|Any CPU
		{61A63C70-B875-4025-8F9F-9658329335C1}.Debug|iPhone.Build.0 = Debug|Any CPU
		{61A63C70-B875-4025-8F9F-9658329335C1}.Debug|iPhoneSimulator.ActiveCfg = Debug|Any CPU
		{61A63C70-B875-4025-8F9F-9658329335C1}.Debug|iPhoneSimulator.Build.0 = Debug|Any CPU
		{61A63C70-B875-4025-8F9F-9658329335C1}.Debug|x64.ActiveCfg = Debug|Any CPU
		{61A63C70-B875-4025-8F9F-9658329335C1}.Debug|x64.Build.0 = Debug|Any CPU
		{61A63C70-B875-4025-8F9F-9658329335C1}.Debug|x86.ActiveCfg = Debug|Any CPU
		{61A63C70-B875-4025-8F9F-9658329335C1}.Debug|x86.Build.0 = Debug|Any CPU
		{61A63C70-B875-4025-8F9F-9658329335C1}.Release|Any CPU.ActiveCfg = Release|Any CPU
		{61A63C70-B875-4025-8F9F-9658329335C1}.Release|Any CPU.Build.0 = Release|Any CPU
		{61A63C70-B875-4025-8F9F-9658329335C1}.Release|ARM.ActiveCfg = Release|Any CPU
		{61A63C70-B875-4025-8F9F-9658329335C1}.Release|ARM.Build.0 = Release|Any CPU
		{61A63C70-B875-4025-8F9F-9658329335C1}.Release|iPhone.ActiveCfg = Release|Any CPU
		{61A63C70-B875-4025-8F9F-9658329335C1}.Release|iPhone.Build.0 = Release|Any CPU
		{61A63C70-B875-4025-8F9F-9658329335C1}.Release|iPhoneSimulator.ActiveCfg = Release|Any CPU
		{61A63C70-B875-4025-8F9F-9658329335C1}.Release|iPhoneSimulator.Build.0 = Release|Any CPU
		{61A63C70-B875-4025-8F9F-9658329335C1}.Release|x64.ActiveCfg = Release|Any CPU
		{61A63C70-B875-4025-8F9F-9658329335C1}.Release|x64.Build.0 = Release|Any CPU
		{61A63C70-B875-4025-8F9F-9658329335C1}.Release|x86.ActiveCfg = Release|Any CPU
		{61A63C70-B875-4025-8F9F-9658329335C1}.Release|x86.Build.0 = Release|Any CPU
		{B4761D3D-AA22-4805-B69E-8BAC41246F5E}.Ad-Hoc|Any CPU.ActiveCfg = Release|Any CPU
		{B4761D3D-AA22-4805-B69E-8BAC41246F5E}.Ad-Hoc|Any CPU.Build.0 = Release|Any CPU
		{B4761D3D-AA22-4805-B69E-8BAC41246F5E}.Ad-Hoc|Any CPU.Deploy.0 = Release|Any CPU
		{B4761D3D-AA22-4805-B69E-8BAC41246F5E}.Ad-Hoc|ARM.ActiveCfg = Release|Any CPU
		{B4761D3D-AA22-4805-B69E-8BAC41246F5E}.Ad-Hoc|ARM.Build.0 = Release|Any CPU
		{B4761D3D-AA22-4805-B69E-8BAC41246F5E}.Ad-Hoc|ARM.Deploy.0 = Release|Any CPU
		{B4761D3D-AA22-4805-B69E-8BAC41246F5E}.Ad-Hoc|iPhone.ActiveCfg = Release|Any CPU
		{B4761D3D-AA22-4805-B69E-8BAC41246F5E}.Ad-Hoc|iPhone.Build.0 = Release|Any CPU
		{B4761D3D-AA22-4805-B69E-8BAC41246F5E}.Ad-Hoc|iPhone.Deploy.0 = Release|Any CPU
		{B4761D3D-AA22-4805-B69E-8BAC41246F5E}.Ad-Hoc|iPhoneSimulator.ActiveCfg = Release|Any CPU
		{B4761D3D-AA22-4805-B69E-8BAC41246F5E}.Ad-Hoc|iPhoneSimulator.Build.0 = Release|Any CPU
		{B4761D3D-AA22-4805-B69E-8BAC41246F5E}.Ad-Hoc|iPhoneSimulator.Deploy.0 = Release|Any CPU
		{B4761D3D-AA22-4805-B69E-8BAC41246F5E}.Ad-Hoc|x64.ActiveCfg = Release|Any CPU
		{B4761D3D-AA22-4805-B69E-8BAC41246F5E}.Ad-Hoc|x64.Build.0 = Release|Any CPU
		{B4761D3D-AA22-4805-B69E-8BAC41246F5E}.Ad-Hoc|x64.Deploy.0 = Release|Any CPU
		{B4761D3D-AA22-4805-B69E-8BAC41246F5E}.Ad-Hoc|x86.ActiveCfg = Release|Any CPU
		{B4761D3D-AA22-4805-B69E-8BAC41246F5E}.Ad-Hoc|x86.Build.0 = Release|Any CPU
		{B4761D3D-AA22-4805-B69E-8BAC41246F5E}.Ad-Hoc|x86.Deploy.0 = Release|Any CPU
		{B4761D3D-AA22-4805-B69E-8BAC41246F5E}.AppStore|Any CPU.ActiveCfg = Release|Any CPU
		{B4761D3D-AA22-4805-B69E-8BAC41246F5E}.AppStore|Any CPU.Build.0 = Release|Any CPU
		{B4761D3D-AA22-4805-B69E-8BAC41246F5E}.AppStore|Any CPU.Deploy.0 = Release|Any CPU
		{B4761D3D-AA22-4805-B69E-8BAC41246F5E}.AppStore|ARM.ActiveCfg = Release|Any CPU
		{B4761D3D-AA22-4805-B69E-8BAC41246F5E}.AppStore|ARM.Build.0 = Release|Any CPU
		{B4761D3D-AA22-4805-B69E-8BAC41246F5E}.AppStore|ARM.Deploy.0 = Release|Any CPU
		{B4761D3D-AA22-4805-B69E-8BAC41246F5E}.AppStore|iPhone.ActiveCfg = Release|Any CPU
		{B4761D3D-AA22-4805-B69E-8BAC41246F5E}.AppStore|iPhone.Build.0 = Release|Any CPU
		{B4761D3D-AA22-4805-B69E-8BAC41246F5E}.AppStore|iPhone.Deploy.0 = Release|Any CPU
		{B4761D3D-AA22-4805-B69E-8BAC41246F5E}.AppStore|iPhoneSimulator.ActiveCfg = Release|Any CPU
		{B4761D3D-AA22-4805-B69E-8BAC41246F5E}.AppStore|iPhoneSimulator.Build.0 = Release|Any CPU
		{B4761D3D-AA22-4805-B69E-8BAC41246F5E}.AppStore|iPhoneSimulator.Deploy.0 = Release|Any CPU
		{B4761D3D-AA22-4805-B69E-8BAC41246F5E}.AppStore|x64.ActiveCfg = Release|Any CPU
		{B4761D3D-AA22-4805-B69E-8BAC41246F5E}.AppStore|x64.Build.0 = Release|Any CPU
		{B4761D3D-AA22-4805-B69E-8BAC41246F5E}.AppStore|x64.Deploy.0 = Release|Any CPU
		{B4761D3D-AA22-4805-B69E-8BAC41246F5E}.AppStore|x86.ActiveCfg = Release|Any CPU
		{B4761D3D-AA22-4805-B69E-8BAC41246F5E}.AppStore|x86.Build.0 = Release|Any CPU
		{B4761D3D-AA22-4805-B69E-8BAC41246F5E}.AppStore|x86.Deploy.0 = Release|Any CPU
		{B4761D3D-AA22-4805-B69E-8BAC41246F5E}.Debug|Any CPU.ActiveCfg = Debug|Any CPU
		{B4761D3D-AA22-4805-B69E-8BAC41246F5E}.Debug|Any CPU.Build.0 = Debug|Any CPU
		{B4761D3D-AA22-4805-B69E-8BAC41246F5E}.Debug|Any CPU.Deploy.0 = Debug|Any CPU
		{B4761D3D-AA22-4805-B69E-8BAC41246F5E}.Debug|ARM.ActiveCfg = Debug|Any CPU
		{B4761D3D-AA22-4805-B69E-8BAC41246F5E}.Debug|ARM.Build.0 = Debug|Any CPU
		{B4761D3D-AA22-4805-B69E-8BAC41246F5E}.Debug|ARM.Deploy.0 = Debug|Any CPU
		{B4761D3D-AA22-4805-B69E-8BAC41246F5E}.Debug|iPhone.ActiveCfg = Debug|Any CPU
		{B4761D3D-AA22-4805-B69E-8BAC41246F5E}.Debug|iPhone.Build.0 = Debug|Any CPU
		{B4761D3D-AA22-4805-B69E-8BAC41246F5E}.Debug|iPhone.Deploy.0 = Debug|Any CPU
		{B4761D3D-AA22-4805-B69E-8BAC41246F5E}.Debug|iPhoneSimulator.ActiveCfg = Debug|Any CPU
		{B4761D3D-AA22-4805-B69E-8BAC41246F5E}.Debug|iPhoneSimulator.Build.0 = Debug|Any CPU
		{B4761D3D-AA22-4805-B69E-8BAC41246F5E}.Debug|iPhoneSimulator.Deploy.0 = Debug|Any CPU
		{B4761D3D-AA22-4805-B69E-8BAC41246F5E}.Debug|x64.ActiveCfg = Debug|Any CPU
		{B4761D3D-AA22-4805-B69E-8BAC41246F5E}.Debug|x64.Build.0 = Debug|Any CPU
		{B4761D3D-AA22-4805-B69E-8BAC41246F5E}.Debug|x64.Deploy.0 = Debug|Any CPU
		{B4761D3D-AA22-4805-B69E-8BAC41246F5E}.Debug|x86.ActiveCfg = Debug|Any CPU
		{B4761D3D-AA22-4805-B69E-8BAC41246F5E}.Debug|x86.Build.0 = Debug|Any CPU
		{B4761D3D-AA22-4805-B69E-8BAC41246F5E}.Debug|x86.Deploy.0 = Debug|Any CPU
		{B4761D3D-AA22-4805-B69E-8BAC41246F5E}.Release|Any CPU.ActiveCfg = Release|Any CPU
		{B4761D3D-AA22-4805-B69E-8BAC41246F5E}.Release|Any CPU.Build.0 = Release|Any CPU
		{B4761D3D-AA22-4805-B69E-8BAC41246F5E}.Release|Any CPU.Deploy.0 = Release|Any CPU
		{B4761D3D-AA22-4805-B69E-8BAC41246F5E}.Release|ARM.ActiveCfg = Release|Any CPU
		{B4761D3D-AA22-4805-B69E-8BAC41246F5E}.Release|ARM.Build.0 = Release|Any CPU
		{B4761D3D-AA22-4805-B69E-8BAC41246F5E}.Release|ARM.Deploy.0 = Release|Any CPU
		{B4761D3D-AA22-4805-B69E-8BAC41246F5E}.Release|iPhone.ActiveCfg = Release|Any CPU
		{B4761D3D-AA22-4805-B69E-8BAC41246F5E}.Release|iPhone.Build.0 = Release|Any CPU
		{B4761D3D-AA22-4805-B69E-8BAC41246F5E}.Release|iPhone.Deploy.0 = Release|Any CPU
		{B4761D3D-AA22-4805-B69E-8BAC41246F5E}.Release|iPhoneSimulator.ActiveCfg = Release|Any CPU
		{B4761D3D-AA22-4805-B69E-8BAC41246F5E}.Release|iPhoneSimulator.Build.0 = Release|Any CPU
		{B4761D3D-AA22-4805-B69E-8BAC41246F5E}.Release|iPhoneSimulator.Deploy.0 = Release|Any CPU
		{B4761D3D-AA22-4805-B69E-8BAC41246F5E}.Release|x64.ActiveCfg = Release|Any CPU
		{B4761D3D-AA22-4805-B69E-8BAC41246F5E}.Release|x64.Build.0 = Release|Any CPU
		{B4761D3D-AA22-4805-B69E-8BAC41246F5E}.Release|x64.Deploy.0 = Release|Any CPU
		{B4761D3D-AA22-4805-B69E-8BAC41246F5E}.Release|x86.ActiveCfg = Release|Any CPU
		{B4761D3D-AA22-4805-B69E-8BAC41246F5E}.Release|x86.Build.0 = Release|Any CPU
		{B4761D3D-AA22-4805-B69E-8BAC41246F5E}.Release|x86.Deploy.0 = Release|Any CPU
		{6DC8722C-DF77-445F-9778-D71A4D8EF9FA}.Ad-Hoc|Any CPU.ActiveCfg = Ad-Hoc|iPhone
		{6DC8722C-DF77-445F-9778-D71A4D8EF9FA}.Ad-Hoc|ARM.ActiveCfg = Ad-Hoc|iPhone
		{6DC8722C-DF77-445F-9778-D71A4D8EF9FA}.Ad-Hoc|iPhone.ActiveCfg = Ad-Hoc|iPhone
		{6DC8722C-DF77-445F-9778-D71A4D8EF9FA}.Ad-Hoc|iPhone.Build.0 = Ad-Hoc|iPhone
		{6DC8722C-DF77-445F-9778-D71A4D8EF9FA}.Ad-Hoc|iPhoneSimulator.ActiveCfg = Ad-Hoc|iPhoneSimulator
		{6DC8722C-DF77-445F-9778-D71A4D8EF9FA}.Ad-Hoc|iPhoneSimulator.Build.0 = Ad-Hoc|iPhoneSimulator
		{6DC8722C-DF77-445F-9778-D71A4D8EF9FA}.Ad-Hoc|x64.ActiveCfg = Ad-Hoc|iPhone
		{6DC8722C-DF77-445F-9778-D71A4D8EF9FA}.Ad-Hoc|x86.ActiveCfg = Ad-Hoc|iPhone
		{6DC8722C-DF77-445F-9778-D71A4D8EF9FA}.AppStore|Any CPU.ActiveCfg = AppStore|iPhone
		{6DC8722C-DF77-445F-9778-D71A4D8EF9FA}.AppStore|ARM.ActiveCfg = AppStore|iPhone
		{6DC8722C-DF77-445F-9778-D71A4D8EF9FA}.AppStore|iPhone.ActiveCfg = AppStore|iPhone
		{6DC8722C-DF77-445F-9778-D71A4D8EF9FA}.AppStore|iPhone.Build.0 = AppStore|iPhone
		{6DC8722C-DF77-445F-9778-D71A4D8EF9FA}.AppStore|iPhoneSimulator.ActiveCfg = AppStore|iPhoneSimulator
		{6DC8722C-DF77-445F-9778-D71A4D8EF9FA}.AppStore|iPhoneSimulator.Build.0 = AppStore|iPhoneSimulator
		{6DC8722C-DF77-445F-9778-D71A4D8EF9FA}.AppStore|x64.ActiveCfg = AppStore|iPhone
		{6DC8722C-DF77-445F-9778-D71A4D8EF9FA}.AppStore|x86.ActiveCfg = AppStore|iPhone
		{6DC8722C-DF77-445F-9778-D71A4D8EF9FA}.Debug|Any CPU.ActiveCfg = Debug|iPhone
		{6DC8722C-DF77-445F-9778-D71A4D8EF9FA}.Debug|ARM.ActiveCfg = Debug|iPhone
		{6DC8722C-DF77-445F-9778-D71A4D8EF9FA}.Debug|iPhone.ActiveCfg = Debug|iPhone
		{6DC8722C-DF77-445F-9778-D71A4D8EF9FA}.Debug|iPhone.Build.0 = Debug|iPhone
		{6DC8722C-DF77-445F-9778-D71A4D8EF9FA}.Debug|iPhoneSimulator.ActiveCfg = Debug|iPhoneSimulator
		{6DC8722C-DF77-445F-9778-D71A4D8EF9FA}.Debug|iPhoneSimulator.Build.0 = Debug|iPhoneSimulator
		{6DC8722C-DF77-445F-9778-D71A4D8EF9FA}.Debug|x64.ActiveCfg = Debug|iPhone
		{6DC8722C-DF77-445F-9778-D71A4D8EF9FA}.Debug|x86.ActiveCfg = Debug|iPhone
		{6DC8722C-DF77-445F-9778-D71A4D8EF9FA}.Release|Any CPU.ActiveCfg = Release|iPhone
		{6DC8722C-DF77-445F-9778-D71A4D8EF9FA}.Release|ARM.ActiveCfg = Release|iPhone
		{6DC8722C-DF77-445F-9778-D71A4D8EF9FA}.Release|iPhone.ActiveCfg = Release|iPhone
		{6DC8722C-DF77-445F-9778-D71A4D8EF9FA}.Release|iPhone.Build.0 = Release|iPhone
		{6DC8722C-DF77-445F-9778-D71A4D8EF9FA}.Release|iPhoneSimulator.ActiveCfg = Release|iPhoneSimulator
		{6DC8722C-DF77-445F-9778-D71A4D8EF9FA}.Release|iPhoneSimulator.Build.0 = Release|iPhoneSimulator
		{6DC8722C-DF77-445F-9778-D71A4D8EF9FA}.Release|x64.ActiveCfg = Release|iPhone
		{6DC8722C-DF77-445F-9778-D71A4D8EF9FA}.Release|x86.ActiveCfg = Release|iPhone
		{F8C71B94-34C6-4F1F-95B8-6E79A5D7351E}.Ad-Hoc|Any CPU.ActiveCfg = Release|x86
		{F8C71B94-34C6-4F1F-95B8-6E79A5D7351E}.Ad-Hoc|Any CPU.Build.0 = Release|x86
		{F8C71B94-34C6-4F1F-95B8-6E79A5D7351E}.Ad-Hoc|Any CPU.Deploy.0 = Release|x86
		{F8C71B94-34C6-4F1F-95B8-6E79A5D7351E}.Ad-Hoc|ARM.ActiveCfg = Release|ARM
		{F8C71B94-34C6-4F1F-95B8-6E79A5D7351E}.Ad-Hoc|ARM.Build.0 = Release|ARM
		{F8C71B94-34C6-4F1F-95B8-6E79A5D7351E}.Ad-Hoc|ARM.Deploy.0 = Release|ARM
		{F8C71B94-34C6-4F1F-95B8-6E79A5D7351E}.Ad-Hoc|iPhone.ActiveCfg = Release|x86
		{F8C71B94-34C6-4F1F-95B8-6E79A5D7351E}.Ad-Hoc|iPhone.Build.0 = Release|x86
		{F8C71B94-34C6-4F1F-95B8-6E79A5D7351E}.Ad-Hoc|iPhone.Deploy.0 = Release|x86
		{F8C71B94-34C6-4F1F-95B8-6E79A5D7351E}.Ad-Hoc|iPhoneSimulator.ActiveCfg = Release|x86
		{F8C71B94-34C6-4F1F-95B8-6E79A5D7351E}.Ad-Hoc|iPhoneSimulator.Build.0 = Release|x86
		{F8C71B94-34C6-4F1F-95B8-6E79A5D7351E}.Ad-Hoc|iPhoneSimulator.Deploy.0 = Release|x86
		{F8C71B94-34C6-4F1F-95B8-6E79A5D7351E}.Ad-Hoc|x64.ActiveCfg = Release|x64
		{F8C71B94-34C6-4F1F-95B8-6E79A5D7351E}.Ad-Hoc|x64.Build.0 = Release|x64
		{F8C71B94-34C6-4F1F-95B8-6E79A5D7351E}.Ad-Hoc|x64.Deploy.0 = Release|x64
		{F8C71B94-34C6-4F1F-95B8-6E79A5D7351E}.Ad-Hoc|x86.ActiveCfg = Release|x86
		{F8C71B94-34C6-4F1F-95B8-6E79A5D7351E}.Ad-Hoc|x86.Build.0 = Release|x86
		{F8C71B94-34C6-4F1F-95B8-6E79A5D7351E}.Ad-Hoc|x86.Deploy.0 = Release|x86
		{F8C71B94-34C6-4F1F-95B8-6E79A5D7351E}.AppStore|Any CPU.ActiveCfg = Release|x86
		{F8C71B94-34C6-4F1F-95B8-6E79A5D7351E}.AppStore|Any CPU.Build.0 = Release|x86
		{F8C71B94-34C6-4F1F-95B8-6E79A5D7351E}.AppStore|Any CPU.Deploy.0 = Release|x86
		{F8C71B94-34C6-4F1F-95B8-6E79A5D7351E}.AppStore|ARM.ActiveCfg = Release|ARM
		{F8C71B94-34C6-4F1F-95B8-6E79A5D7351E}.AppStore|ARM.Build.0 = Release|ARM
		{F8C71B94-34C6-4F1F-95B8-6E79A5D7351E}.AppStore|ARM.Deploy.0 = Release|ARM
		{F8C71B94-34C6-4F1F-95B8-6E79A5D7351E}.AppStore|iPhone.ActiveCfg = Release|x86
		{F8C71B94-34C6-4F1F-95B8-6E79A5D7351E}.AppStore|iPhone.Build.0 = Release|x86
		{F8C71B94-34C6-4F1F-95B8-6E79A5D7351E}.AppStore|iPhone.Deploy.0 = Release|x86
		{F8C71B94-34C6-4F1F-95B8-6E79A5D7351E}.AppStore|iPhoneSimulator.ActiveCfg = Release|x86
		{F8C71B94-34C6-4F1F-95B8-6E79A5D7351E}.AppStore|iPhoneSimulator.Build.0 = Release|x86
		{F8C71B94-34C6-4F1F-95B8-6E79A5D7351E}.AppStore|iPhoneSimulator.Deploy.0 = Release|x86
		{F8C71B94-34C6-4F1F-95B8-6E79A5D7351E}.AppStore|x64.ActiveCfg = Release|x64
		{F8C71B94-34C6-4F1F-95B8-6E79A5D7351E}.AppStore|x64.Build.0 = Release|x64
		{F8C71B94-34C6-4F1F-95B8-6E79A5D7351E}.AppStore|x64.Deploy.0 = Release|x64
		{F8C71B94-34C6-4F1F-95B8-6E79A5D7351E}.AppStore|x86.ActiveCfg = Release|x86
		{F8C71B94-34C6-4F1F-95B8-6E79A5D7351E}.AppStore|x86.Build.0 = Release|x86
		{F8C71B94-34C6-4F1F-95B8-6E79A5D7351E}.AppStore|x86.Deploy.0 = Release|x86
		{F8C71B94-34C6-4F1F-95B8-6E79A5D7351E}.Debug|Any CPU.ActiveCfg = Debug|x86
		{F8C71B94-34C6-4F1F-95B8-6E79A5D7351E}.Debug|ARM.ActiveCfg = Debug|ARM
		{F8C71B94-34C6-4F1F-95B8-6E79A5D7351E}.Debug|ARM.Build.0 = Debug|ARM
		{F8C71B94-34C6-4F1F-95B8-6E79A5D7351E}.Debug|ARM.Deploy.0 = Debug|ARM
		{F8C71B94-34C6-4F1F-95B8-6E79A5D7351E}.Debug|iPhone.ActiveCfg = Debug|x86
		{F8C71B94-34C6-4F1F-95B8-6E79A5D7351E}.Debug|iPhoneSimulator.ActiveCfg = Debug|x86
		{F8C71B94-34C6-4F1F-95B8-6E79A5D7351E}.Debug|x64.ActiveCfg = Debug|x64
		{F8C71B94-34C6-4F1F-95B8-6E79A5D7351E}.Debug|x64.Build.0 = Debug|x64
		{F8C71B94-34C6-4F1F-95B8-6E79A5D7351E}.Debug|x64.Deploy.0 = Debug|x64
		{F8C71B94-34C6-4F1F-95B8-6E79A5D7351E}.Debug|x86.ActiveCfg = Debug|x86
		{F8C71B94-34C6-4F1F-95B8-6E79A5D7351E}.Debug|x86.Build.0 = Debug|x86
		{F8C71B94-34C6-4F1F-95B8-6E79A5D7351E}.Debug|x86.Deploy.0 = Debug|x86
		{F8C71B94-34C6-4F1F-95B8-6E79A5D7351E}.Release|Any CPU.ActiveCfg = Release|x86
		{F8C71B94-34C6-4F1F-95B8-6E79A5D7351E}.Release|ARM.ActiveCfg = Release|ARM
		{F8C71B94-34C6-4F1F-95B8-6E79A5D7351E}.Release|ARM.Build.0 = Release|ARM
		{F8C71B94-34C6-4F1F-95B8-6E79A5D7351E}.Release|ARM.Deploy.0 = Release|ARM
		{F8C71B94-34C6-4F1F-95B8-6E79A5D7351E}.Release|iPhone.ActiveCfg = Release|x86
		{F8C71B94-34C6-4F1F-95B8-6E79A5D7351E}.Release|iPhoneSimulator.ActiveCfg = Release|x86
		{F8C71B94-34C6-4F1F-95B8-6E79A5D7351E}.Release|x64.ActiveCfg = Release|x64
		{F8C71B94-34C6-4F1F-95B8-6E79A5D7351E}.Release|x64.Build.0 = Release|x64
		{F8C71B94-34C6-4F1F-95B8-6E79A5D7351E}.Release|x64.Deploy.0 = Release|x64
		{F8C71B94-34C6-4F1F-95B8-6E79A5D7351E}.Release|x86.ActiveCfg = Release|x86
		{F8C71B94-34C6-4F1F-95B8-6E79A5D7351E}.Release|x86.Build.0 = Release|x86
		{F8C71B94-34C6-4F1F-95B8-6E79A5D7351E}.Release|x86.Deploy.0 = Release|x86
	EndGlobalSection
	GlobalSection(SolutionProperties) = preSolution
		HideSolutionNode = FALSE
	EndGlobalSection
	GlobalSection(ExtensibilityGlobals) = postSolution
		SolutionGuid = {45B8E1B0-0154-4D40-AB8B-1542389271B4}
	EndGlobalSection
EndGlobal
